
Microsoft Visual Studio Solution File, Format Version 12.00
# Visual Studio Version 17
VisualStudioVersion = 17.3.32929.385
MinimumVisualStudioVersion = 10.0.40219.1
Project("{FAE04EC0-301F-11D3-BF4B-00C04F79EFBC}") = "LambdaExpersionOnPersonList", "LambdaExpersionOnPersonList\LambdaExpersionOnPersonList.csproj", "{966405EA-07DD-4687-A0CE-52F62786CD90}"
EndProject
Global
	GlobalSection(SolutionConfigurationPlatforms) = preSolution
		Debug|Any CPU = Debug|Any CPU
		Release|Any CPU = Release|Any CPU
	EndGlobalSection
	GlobalSection(ProjectConfigurationPlatforms) = postSolution
		{966405EA-07DD-4687-A0CE-52F62786CD90}.Debug|Any CPU.ActiveCfg = Debug|Any CPU
		{966405EA-07DD-4687-A0CE-52F62786CD90}.Debug|Any CPU.Build.0 = Debug|Any CPU
		{966405EA-07DD-4687-A0CE-52F62786CD90}.Release|Any CPU.ActiveCfg = Release|Any CPU
		{966405EA-07DD-4687-A0CE-52F62786CD90}.Release|Any CPU.Build.0 = Release|Any CPU
	EndGlobalSection
	GlobalSection(SolutionProperties) = preSolution
		HideSolutionNode = FALSE
	EndGlobalSection
	GlobalSection(ExtensibilityGlobals) = postSolution
		SolutionGuid = {D0185170-3A21-4324-8583-BC4A71654DD6}
	EndGlobalSection
EndGlobal
